
Microsoft Visual Studio Solution File, Format Version 12.00
# Visual Studio 2012
Project("{FAE04EC0-301F-11D3-BF4B-00C04F79EFBC}") = "BiometricsAnalysis", "BiometricsAnalysis\BiometricsAnalysis.csproj", "{ED82AD1A-C689-48F1-8397-7F5D889E9E87}"
EndProject
Global
	GlobalSection(TeamFoundationVersionControl) = preSolution
		SccNumberOfProjects = 2
		SccEnterpriseProvider = {4CA58AB2-18FA-4F8D-95D4-32DDF27D184C}
		SccTeamFoundationServer = https://biometricsanalysis.visualstudio.com/defaultcollection
		SccLocalPath0 = .
		SccProjectUniqueName1 = BiometricsAnalysis\\BiometricsAnalysis.csproj
		SccProjectName1 = BiometricsAnalysis
		SccLocalPath1 = BiometricsAnalysis
	EndGlobalSection
	GlobalSection(SolutionConfigurationPlatforms) = preSolution
		Debug|Any CPU = Debug|Any CPU
		Release|Any CPU = Release|Any CPU
	EndGlobalSection
	GlobalSection(ProjectConfigurationPlatforms) = postSolution
		{ED82AD1A-C689-48F1-8397-7F5D889E9E87}.Debug|Any CPU.ActiveCfg = Debug|Any CPU
		{ED82AD1A-C689-48F1-8397-7F5D889E9E87}.Debug|Any CPU.Build.0 = Debug|Any CPU
		{ED82AD1A-C689-48F1-8397-7F5D889E9E87}.Release|Any CPU.ActiveCfg = Release|Any CPU
		{ED82AD1A-C689-48F1-8397-7F5D889E9E87}.Release|Any CPU.Build.0 = Release|Any CPU
	EndGlobalSection
	GlobalSection(SolutionProperties) = preSolution
		HideSolutionNode = FALSE
	EndGlobalSection
EndGlobal
